
Microsoft Visual Studio Solution File, Format Version 12.00
# Visual Studio Version 17
VisualStudioVersion = 17.7.34018.315
MinimumVisualStudioVersion = 10.0.40219.1
Project("{FAE04EC0-301F-11D3-BF4B-00C04F79EFBC}") = "MSqlUI", "MSqlDB\MSqlUI.csproj", "{6BF161A7-57F2-45B2-B5ED-4D6840269D77}"
EndProject
Project("{FAE04EC0-301F-11D3-BF4B-00C04F79EFBC}") = "DataAccessLibrary", "DataAccessLibrary\DataAccessLibrary.csproj", "{9A6A190A-4E99-49E2-BCB4-9151E15FCA41}"
EndProject
Project("{00D1A9C2-B5F0-4AF3-8072-F6C62B433612}") = "SQLContactDB", "SQLContactDB\SQLContactDB.sqlproj", "{63DAFF8E-DA70-4C1E-AF20-BE36C7FCFCDE}"
EndProject
Global
	GlobalSection(SolutionConfigurationPlatforms) = preSolution
		Debug|Any CPU = Debug|Any CPU
		Release|Any CPU = Release|Any CPU
	EndGlobalSection
	GlobalSection(ProjectConfigurationPlatforms) = postSolution
		{6BF161A7-57F2-45B2-B5ED-4D6840269D77}.Debug|Any CPU.ActiveCfg = Debug|Any CPU
		{6BF161A7-57F2-45B2-B5ED-4D6840269D77}.Debug|Any CPU.Build.0 = Debug|Any CPU
		{6BF161A7-57F2-45B2-B5ED-4D6840269D77}.Release|Any CPU.ActiveCfg = Release|Any CPU
		{6BF161A7-57F2-45B2-B5ED-4D6840269D77}.Release|Any CPU.Build.0 = Release|Any CPU
		{9A6A190A-4E99-49E2-BCB4-9151E15FCA41}.Debug|Any CPU.ActiveCfg = Debug|Any CPU
		{9A6A190A-4E99-49E2-BCB4-9151E15FCA41}.Debug|Any CPU.Build.0 = Debug|Any CPU
		{9A6A190A-4E99-49E2-BCB4-9151E15FCA41}.Release|Any CPU.ActiveCfg = Release|Any CPU
		{9A6A190A-4E99-49E2-BCB4-9151E15FCA41}.Release|Any CPU.Build.0 = Release|Any CPU
		{63DAFF8E-DA70-4C1E-AF20-BE36C7FCFCDE}.Debug|Any CPU.ActiveCfg = Debug|Any CPU
		{63DAFF8E-DA70-4C1E-AF20-BE36C7FCFCDE}.Debug|Any CPU.Build.0 = Debug|Any CPU
		{63DAFF8E-DA70-4C1E-AF20-BE36C7FCFCDE}.Debug|Any CPU.Deploy.0 = Debug|Any CPU
		{63DAFF8E-DA70-4C1E-AF20-BE36C7FCFCDE}.Release|Any CPU.ActiveCfg = Release|Any CPU
		{63DAFF8E-DA70-4C1E-AF20-BE36C7FCFCDE}.Release|Any CPU.Build.0 = Release|Any CPU
		{63DAFF8E-DA70-4C1E-AF20-BE36C7FCFCDE}.Release|Any CPU.Deploy.0 = Release|Any CPU
	EndGlobalSection
	GlobalSection(SolutionProperties) = preSolution
		HideSolutionNode = FALSE
	EndGlobalSection
	GlobalSection(ExtensibilityGlobals) = postSolution
		SolutionGuid = {A36D4197-7C18-4623-8D88-6A7A9A816307}
	EndGlobalSection
EndGlobal
